
Microsoft Visual Studio Solution File, Format Version 12.00
# Visual Studio 15
VisualStudioVersion = 15.0.27703.2047
MinimumVisualStudioVersion = 10.0.40219.1
Project("{8BC9CEB8-8B4A-11D0-8D11-00A0C91BC942}") = "KDR", "KDR\KDR.vcxproj", "{70C1CD85-311B-427D-9694-9F8F1168C0DD}"
EndProject
Global
	GlobalSection(SolutionConfigurationPlatforms) = preSolution
		Debug|x64 = Debug|x64
		Debug|x86 = Debug|x86
		Release|x64 = Release|x64
		Release|x86 = Release|x86
	EndGlobalSection
	GlobalSection(ProjectConfigurationPlatforms) = postSolution
		{70C1CD85-311B-427D-9694-9F8F1168C0DD}.Debug|x64.ActiveCfg = Debug|x64
		{70C1CD85-311B-427D-9694-9F8F1168C0DD}.Debug|x64.Build.0 = Debug|x64
		{70C1CD85-311B-427D-9694-9F8F1168C0DD}.Debug|x86.ActiveCfg = Debug|Win32
		{70C1CD85-311B-427D-9694-9F8F1168C0DD}.Debug|x86.Build.0 = Debug|Win32
		{70C1CD85-311B-427D-9694-9F8F1168C0DD}.Release|x64.ActiveCfg = Release|x64
		{70C1CD85-311B-427D-9694-9F8F1168C0DD}.Release|x64.Build.0 = Release|x64
		{70C1CD85-311B-427D-9694-9F8F1168C0DD}.Release|x86.ActiveCfg = Release|Win32
		{70C1CD85-311B-427D-9694-9F8F1168C0DD}.Release|x86.Build.0 = Release|Win32
	EndGlobalSection
	GlobalSection(SolutionProperties) = preSolution
		HideSolutionNode = FALSE
	EndGlobalSection
	GlobalSection(ExtensibilityGlobals) = postSolution
		SolutionGuid = {58D9DA42-88EB-48CE-8A1E-A3E2DB6FEE16}
	EndGlobalSection
EndGlobal
